
Microsoft Visual Studio Solution File, Format Version 11.00
# Visual Studio 2010
Project("{FAE04EC0-301F-11D3-BF4B-00C04F79EFBC}") = "TellMeASecret", "TellMeASecret\TellMeASecret.csproj", "{74E91D2E-C239-4EE7-ABD7-22A3E27B8554}"
EndProject
Global
	GlobalSection(SolutionConfigurationPlatforms) = preSolution
		Debug|Any CPU = Debug|Any CPU
		Release|Any CPU = Release|Any CPU
	EndGlobalSection
	GlobalSection(ProjectConfigurationPlatforms) = postSolution
		{74E91D2E-C239-4EE7-ABD7-22A3E27B8554}.Debug|Any CPU.ActiveCfg = Debug|Any CPU
		{74E91D2E-C239-4EE7-ABD7-22A3E27B8554}.Debug|Any CPU.Build.0 = Debug|Any CPU
		{74E91D2E-C239-4EE7-ABD7-22A3E27B8554}.Release|Any CPU.ActiveCfg = Release|Any CPU
		{74E91D2E-C239-4EE7-ABD7-22A3E27B8554}.Release|Any CPU.Build.0 = Release|Any CPU
	EndGlobalSection
	GlobalSection(SolutionProperties) = preSolution
		HideSolutionNode = FALSE
	EndGlobalSection
EndGlobal
